
Microsoft Visual Studio Solution File, Format Version 12.00
# Visual Studio Version 16
VisualStudioVersion = 25.0.1706.12
MinimumVisualStudioVersion = 10.0.40219.1
Project("{FAE04EC0-301F-11D3-BF4B-00C04F79EFBC}") = "GradeCalculator", "GradeCalculator\GradeCalculator.csproj", "{E335D183-DC5E-41DE-B044-F64FBFC5644A}"
EndProject
Project("{FAE04EC0-301F-11D3-BF4B-00C04F79EFBC}") = "TicketPriceCalculator", "TicketPriceCalculator\TicketPriceCalculator.csproj", "{237A5C63-C7A8-4437-9E1B-4E20DB9F99BB}"
EndProject
Global
	GlobalSection(SolutionConfigurationPlatforms) = preSolution
		Debug|Any CPU = Debug|Any CPU
		Release|Any CPU = Release|Any CPU
	EndGlobalSection
	GlobalSection(ProjectConfigurationPlatforms) = postSolution
		{E335D183-DC5E-41DE-B044-F64FBFC5644A}.Debug|Any CPU.ActiveCfg = Debug|Any CPU
		{E335D183-DC5E-41DE-B044-F64FBFC5644A}.Debug|Any CPU.Build.0 = Debug|Any CPU
		{E335D183-DC5E-41DE-B044-F64FBFC5644A}.Release|Any CPU.ActiveCfg = Release|Any CPU
		{E335D183-DC5E-41DE-B044-F64FBFC5644A}.Release|Any CPU.Build.0 = Release|Any CPU
		{237A5C63-C7A8-4437-9E1B-4E20DB9F99BB}.Debug|Any CPU.ActiveCfg = Debug|Any CPU
		{237A5C63-C7A8-4437-9E1B-4E20DB9F99BB}.Debug|Any CPU.Build.0 = Debug|Any CPU
		{237A5C63-C7A8-4437-9E1B-4E20DB9F99BB}.Release|Any CPU.ActiveCfg = Release|Any CPU
		{237A5C63-C7A8-4437-9E1B-4E20DB9F99BB}.Release|Any CPU.Build.0 = Release|Any CPU
	EndGlobalSection
	GlobalSection(SolutionProperties) = preSolution
		HideSolutionNode = FALSE
	EndGlobalSection
	GlobalSection(ExtensibilityGlobals) = postSolution
		SolutionGuid = {AD8386A7-39FA-4CB9-A6FB-35AB01CE0E05}
	EndGlobalSection
EndGlobal
